schema: '2.0'
stages:
  data_collection:
    cmd: python -m src.data.data_collection
    deps:
    - path: src/data/data_collection.py
      hash: md5
      md5: 2ced9204f29be684e180f0b7493eede8
      size: 1898
    params:
      params.yaml:
        data_collection.test_size: 0.4
    outs:
    - path: data/raw
      hash: md5
      md5: eed1d466904ac79b48dfd4f7684073a5.dir
      size: 24157
      nfiles: 2
  data_process:
    cmd: python -m src.data.data_processing
    deps:
    - path: data/raw
      hash: md5
      md5: eed1d466904ac79b48dfd4f7684073a5.dir
      size: 24157
      nfiles: 2
    - path: src/data/data_processing.py
      hash: md5
      md5: 791a46491e23f766064b129957d9dbf3
      size: 1334
    outs:
    - path: data/processed
      hash: md5
      md5: aed673e7d81941550886c3eb35bc78db.dir
      size: 24157
      nfiles: 2
  model_build:
    cmd: python -m src.model.model_building
    deps:
    - path: data/processed
      hash: md5
      md5: aed673e7d81941550886c3eb35bc78db.dir
      size: 24157
      nfiles: 2
    - path: src/data/data_collection.py
      hash: md5
      md5: 2ced9204f29be684e180f0b7493eede8
      size: 1898
    - path: src/model/model_building.py
      hash: md5
      md5: a75bb8f5faa04aee5693e6a80f718548
      size: 1720
    params:
      params.yaml:
        model_building.n_estimators: 100
    outs:
    - path: models/diabetes_model.pkl
      hash: md5
      md5: cc4e6c6ffa6021afbcbc743a839de600
      size: 1869145
  model_eval:
    cmd: python src/model/model_evaluation.py
    deps:
    - path: models/diabetes_model.pkl
      hash: md5
      md5: cc4e6c6ffa6021afbcbc743a839de600
      size: 1869145
    - path: src/model/model_evaluation.py
      hash: md5
      md5: 5164826dbce1af3d6cc87e246d53392e
      size: 6290
    outs:
    - path: reports/metrics.json
      hash: md5
      md5: 5176c1936ffebb2032f40c4f8b2995a1
      size: 137
    - path: reports/run_info.json
      hash: md5
      md5: e8c69dd34e7283aaf83eaef67a2fb7c6
      size: 123
  model_registration:
    cmd: python src/model/model_registry.py staging
    deps:
    - path: reports/metrics.json
      hash: md5
      md5: 5176c1936ffebb2032f40c4f8b2995a1
      size: 137
    - path: src/model/model_registry.py
      hash: md5
      md5: 042117f32dcd3df4a957968678ed37e0
      size: 11573
